// !$*UTF8*$!
{
	archiveVersion = 1;
	classes = {
	};
	objectVersion = 50;
	objects = {

/* Begin PBXBuildFile section */
		19B8AC432094EDA200CC379F /* AppDelegate.swift in Sources */ = {isa = PBXBuildFile; fileRef = 19B8AC422094EDA200CC379F /* AppDelegate.swift */; };
		19B8AC452094EDA200CC379F /* ViewController.swift in Sources */ = {isa = PBXBuildFile; fileRef = 19B8AC442094EDA200CC379F /* ViewController.swift */; };
		19B8AC482094EDA200CC379F /* Main.storyboard in Resources */ = {isa = PBXBuildFile; fileRef = 19B8AC462094EDA200CC379F /* Main.storyboard */; };
		19B8AC4A2094EDA600CC379F /* Assets.xcassets in Resources */ = {isa = PBXBuildFile; fileRef = 19B8AC492094EDA600CC379F /* Assets.xcassets */; };
		19B8AC4D2094EDA600CC379F /* LaunchScreen.storyboard in Resources */ = {isa = PBXBuildFile; fileRef = 19B8AC4B2094EDA600CC379F /* LaunchScreen.storyboard */; };
		19B8AC5E20952E5A00CC379F /* TitleAndTextView.swift in Sources */ = {isa = PBXBuildFile; fileRef = 19B8AC5D20952E5A00CC379F /* TitleAndTextView.swift */; };
		19B8AC6020952E9F00CC379F /* ObserverKeys.swift in Sources */ = {isa = PBXBuildFile; fileRef = 19B8AC5F20952E9F00CC379F /* ObserverKeys.swift */; };
		93EBEAB1E8504A53A68CB63E /* Pods_observer_example.framework in Frameworks */ = {isa = PBXBuildFile; fileRef = 8E972EC01B39C1F129A2DA98 /* Pods_observer_example.framework */; };
/* End PBXBuildFile section */

/* Begin PBXFileReference section */
		19B8AC3F2094EDA200CC379F /* observer-example.app */ = {isa = PBXFileReference; explicitFileType = wrapper.application; includeInIndex = 0; path = "observer-example.app"; sourceTree = BUILT_PRODUCTS_DIR; };
		19B8AC422094EDA200CC379F /* AppDelegate.swift */ = {isa = PBXFileReference; lastKnownFileType = sourcecode.swift; path = AppDelegate.swift; sourceTree = "<group>"; };
		19B8AC442094EDA200CC379F /* ViewController.swift */ = {isa = PBXFileReference; lastKnownFileType = sourcecode.swift; path = ViewController.swift; sourceTree = "<group>"; };
		19B8AC472094EDA200CC379F /* Base */ = {isa = PBXFileReference; lastKnownFileType = file.storyboard; name = Base; path = Base.lproj/Main.storyboard; sourceTree = "<group>"; };
		19B8AC492094EDA600CC379F /* Assets.xcassets */ = {isa = PBXFileReference; lastKnownFileType = folder.assetcatalog; path = Assets.xcassets; sourceTree = "<group>"; };
		19B8AC4C2094EDA600CC379F /* Base */ = {isa = PBXFileReference; lastKnownFileType = file.storyboard; name = Base; path = Base.lproj/LaunchScreen.storyboard; sourceTree = "<group>"; };
		19B8AC4E2094EDA600CC379F /* Info.plist */ = {isa = PBXFileReference; lastKnownFileType = text.plist.xml; path = Info.plist; sourceTree = "<group>"; };
		19B8AC5D20952E5A00CC379F /* TitleAndTextView.swift */ = {isa = PBXFileReference; lastKnownFileType = sourcecode.swift; path = TitleAndTextView.swift; sourceTree = "<group>"; };
		19B8AC5F20952E9F00CC379F /* ObserverKeys.swift */ = {isa = PBXFileReference; lastKnownFileType = sourcecode.swift; path = ObserverKeys.swift; sourceTree = "<group>"; };
		8BFC0A41B961AD599EC74961 /* Pods-observer-example.release.xcconfig */ = {isa = PBXFileReference; includeInIndex = 1; lastKnownFileType = text.xcconfig; name = "Pods-observer-example.release.xcconfig"; path = "Pods/Target Support Files/Pods-observer-example/Pods-observer-example.release.xcconfig"; sourceTree = "<group>"; };
		8E972EC01B39C1F129A2DA98 /* Pods_observer_example.framework */ = {isa = PBXFileReference; explicitFileType = wrapper.framework; includeInIndex = 0; path = Pods_observer_example.framework; sourceTree = BUILT_PRODUCTS_DIR; };
		E19E672561D7D8996FA20CDE /* Pods-observer-example.debug.xcconfig */ = {isa = PBXFileReference; includeInIndex = 1; lastKnownFileType = text.xcconfig; name = "Pods-observer-example.debug.xcconfig"; path = "Pods/Target Support Files/Pods-observer-example/Pods-observer-example.debug.xcconfig"; sourceTree = "<group>"; };
/* End PBXFileReference section */

/* Begin PBXFrameworksBuildPhase section */
		19B8AC3C2094EDA200CC379F /* Frameworks */ = {
			isa = PBXFrameworksBuildPhase;
			buildActionMask = 2147483647;
			files = (
				93EBEAB1E8504A53A68CB63E /* Pods_observer_example.framework in Frameworks */,
			);
			runOnlyForDeploymentPostprocessing = 0;
		};
/* End PBXFrameworksBuildPhase section */

/* Begin PBXGroup section */
		19B8AC362094EDA200CC379F = {
			isa = PBXGroup;
			children = (
				19B8AC412094EDA200CC379F /* observer-example */,
				19B8AC402094EDA200CC379F /* Products */,
				2858793D0187AF90A7C08954 /* Pods */,
				C06E674D1C5C204D4423BBB6 /* Frameworks */,
			);
			sourceTree = "<group>";
		};
		19B8AC402094EDA200CC379F /* Products */ = {
			isa = PBXGroup;
			children = (
				19B8AC3F2094EDA200CC379F /* observer-example.app */,
			);
			name = Products;
			sourceTree = "<group>";
		};
		19B8AC412094EDA200CC379F /* observer-example */ = {
			isa = PBXGroup;
			children = (
				19B8AC422094EDA200CC379F /* AppDelegate.swift */,
				19B8AC5F20952E9F00CC379F /* ObserverKeys.swift */,
				19B8AC442094EDA200CC379F /* ViewController.swift */,
				19B8AC5D20952E5A00CC379F /* TitleAndTextView.swift */,
				19B8AC462094EDA200CC379F /* Main.storyboard */,
				19B8AC492094EDA600CC379F /* Assets.xcassets */,
				19B8AC4B2094EDA600CC379F /* LaunchScreen.storyboard */,
				19B8AC4E2094EDA600CC379F /* Info.plist */,
			);
			path = "observer-example";
			sourceTree = "<group>";
		};
		2858793D0187AF90A7C08954 /* Pods */ = {
			isa = PBXGroup;
			children = (
				E19E672561D7D8996FA20CDE /* Pods-observer-example.debug.xcconfig */,
				8BFC0A41B961AD599EC74961 /* Pods-observer-example.release.xcconfig */,
			);
			name = Pods;
			sourceTree = "<group>";
		};
		C06E674D1C5C204D4423BBB6 /* Frameworks */ = {
			isa = PBXGroup;
			children = (
				8E972EC01B39C1F129A2DA98 /* Pods_observer_example.framework */,
			);
			name = Frameworks;
			sourceTree = "<group>";
		};
/* End PBXGroup section */

/* Begin PBXNativeTarget section */
		19B8AC3E2094EDA200CC379F /* observer-example */ = {
			isa = PBXNativeTarget;
			buildConfigurationList = 19B8AC512094EDA600CC379F /* Build configuration list for PBXNativeTarget "observer-example" */;
			buildPhases = (
				A5F1B1B5F2097B1D207D66E2 /* [CP] Check Pods Manifest.lock */,
				19B8AC3B2094EDA200CC379F /* Sources */,
				19B8AC3C2094EDA200CC379F /* Frameworks */,
				19B8AC3D2094EDA200CC379F /* Resources */,
				ABBB8320D64EB7F4879DA01D /* [CP] Embed Pods Frameworks */,
				BEF46D269A1A4F81DCCE5D5A /* [CP] Copy Pods Resources */,
			);
			buildRules = (
			);
			dependencies = (
			);
			name = "observer-example";
			productName = "observer-example";
			productReference = 19B8AC3F2094EDA200CC379F /* observer-example.app */;
			productType = "com.apple.product-type.application";
		};
/* End PBXNativeTarget section */

/* Begin PBXProject section */
		19B8AC372094EDA200CC379F /* Project object */ = {
			isa = PBXProject;
			attributes = {
				LastSwiftUpdateCheck = 0930;
				LastUpgradeCheck = 0930;
				ORGANIZATIONNAME = "Josh Marasigan";
				TargetAttributes = {
					19B8AC3E2094EDA200CC379F = {
						CreatedOnToolsVersion = 9.3;
					};
				};
			};
			buildConfigurationList = 19B8AC3A2094EDA200CC379F /* Build configuration list for PBXProject "observer-example" */;
			compatibilityVersion = "Xcode 9.3";
			developmentRegion = en;
			hasScannedForEncodings = 0;
			knownRegions = (
				en,
				Base,
			);
			mainGroup = 19B8AC362094EDA200CC379F;
			productRefGroup = 19B8AC402094EDA200CC379F /* Products */;
			projectDirPath = "";
			projectRoot = "";
			targets = (
				19B8AC3E2094EDA200CC379F /* observer-example */,
			);
		};
/* End PBXProject section */

/* Begin PBXResourcesBuildPhase section */
		19B8AC3D2094EDA200CC379F /* Resources */ = {
			isa = PBXResourcesBuildPhase;
			buildActionMask = 2147483647;
			files = (
				19B8AC4D2094EDA600CC379F /* LaunchScreen.storyboard in Resources */,
				19B8AC4A2094EDA600CC379F /* Assets.xcassets in Resources */,
				19B8AC482094EDA200CC379F /* Main.storyboard in Resources */,
			);
			runOnlyForDeploymentPostprocessing = 0;
		};
/* End PBXResourcesBuildPhase section */

/* Begin PBXShellScriptBuildPhase section */
		A5F1B1B5F2097B1D207D66E2 /* [CP] Check Pods Manifest.lock */ = {
			isa = PBXShellScriptBuildPhase;
			buildActionMask = 2147483647;
			files = (
			);
			inputPaths = (
				"${PODS_PODFILE_DIR_PATH}/Podfile.lock",
				"${PODS_ROOT}/Manifest.lock",
			);
			name = "[CP] Check Pods Manifest.lock";
			outputPaths = (
				"$(DERIVED_FILE_DIR)/Pods-observer-example-checkManifestLockResult.txt",
			);
			runOnlyForDeploymentPostprocessing = 0;
			shellPath = /bin/sh;
			shellScript = "diff \"${PODS_PODFILE_DIR_PATH}/Podfile.lock\" \"${PODS_ROOT}/Manifest.lock\" > /dev/null\nif [ $? != 0 ] ; then\n    # print error to STDERR\n    echo \"error: The sandbox is not in sync with the Podfile.lock. Run 'pod install' or update your CocoaPods installation.\" >&2\n    exit 1\nfi\n# This output is used by Xcode 'outputs' to avoid re-running this script phase.\necho \"SUCCESS\" > \"${SCRIPT_OUTPUT_FILE_0}\"\n";
			showEnvVarsInLog = 0;
		};
		ABBB8320D64EB7F4879DA01D /* [CP] Embed Pods Frameworks */ = {
			isa = PBXShellScriptBuildPhase;
			buildActionMask = 2147483647;
			files = (
			);
			inputPaths = (
				"${SRCROOT}/Pods/Target Support Files/Pods-observer-example/Pods-observer-example-frameworks.sh",
				"${BUILT_PRODUCTS_DIR}/SnapKit/SnapKit.framework",
			);
			name = "[CP] Embed Pods Frameworks";
			outputPaths = (
				"${TARGET_BUILD_DIR}/${FRAMEWORKS_FOLDER_PATH}/SnapKit.framework",
			);
			runOnlyForDeploymentPostprocessing = 0;
			shellPath = /bin/sh;
			shellScript = "\"${SRCROOT}/Pods/Target Support Files/Pods-observer-example/Pods-observer-example-frameworks.sh\"\n";
			showEnvVarsInLog = 0;
		};
		BEF46D269A1A4F81DCCE5D5A /* [CP] Copy Pods Resources */ = {
			isa = PBXShellScriptBuildPhase;
			buildActionMask = 2147483647;
			files = (
			);
			inputPaths = (
			);
			name = "[CP] Copy Pods Resources";
			outputPaths = (
			);
			runOnlyForDeploymentPostprocessing = 0;
			shellPath = /bin/sh;
			shellScript = "\"${SRCROOT}/Pods/Target Support Files/Pods-observer-example/Pods-observer-example-resources.sh\"\n";
			showEnvVarsInLog = 0;
		};
/* End PBXShellScriptBuildPhase section */

/* Begin PBXSourcesBuildPhase section */
		19B8AC3B2094EDA200CC379F /* Sources */ = {
			isa = PBXSourcesBuildPhase;
			buildActionMask = 2147483647;
			files = (
				19B8AC5E20952E5A00CC379F /* TitleAndTextView.swift in Sources */,
				19B8AC6020952E9F00CC379F /* ObserverKeys.swift in Sources */,
				19B8AC452094EDA200CC379F /* ViewController.swift in Sources */,
				19B8AC432094EDA200CC379F /* AppDelegate.swift in Sources */,
			);
			runOnlyForDeploymentPostprocessing = 0;
		};
/* End PBXSourcesBuildPhase section */

/* Begin PBXVariantGroup section */
		19B8AC462094EDA200CC379F /* Main.storyboard */ = {
			isa = PBXVariantGroup;
			children = (
				19B8AC472094EDA200CC379F /* Base */,
			);
			name = Main.storyboard;
			sourceTree = "<group>";
		};
		19B8AC4B2094EDA600CC379F /* LaunchScreen.storyboard */ = {
			isa = PBXVariantGroup;
			children = (
				19B8AC4C2094EDA600CC379F /* Base */,
			);
			name = LaunchScreen.storyboard;
			sourceTree = "<group>";
		};
/* End PBXVariantGroup section */

/* Begin XCBuildConfiguration section */
		19B8AC4F2094EDA600CC379F /* Debug */ = {
			isa = XCBuildConfiguration;
			buildSettings = {
				ALWAYS_SEARCH_USER_PATHS = NO;
				CLANG_ANALYZER_NONNULL = YES;
				CLANG_ANALYZER_NUMBER_OBJECT_CONVERSION = YES_AGGRESSIVE;
				CLANG_CXX_LANGUAGE_STANDARD = "gnu++14";
				CLANG_CXX_LIBRARY = "libc++";
				CLANG_ENABLE_MODULES = YES;
				CLANG_ENABLE_OBJC_ARC = YES;
				CLANG_ENABLE_OBJC_WEAK = YES;
				CLANG_WARN_BLOCK_CAPTURE_AUTORELEASING = YES;
				CLANG_WARN_BOOL_CONVERSION = YES;
				CLANG_WARN_COMMA = YES;
				CLANG_WARN_CONSTANT_CONVERSION = YES;
				CLANG_WARN_DEPRECATED_OBJC_IMPLEMENTATIONS = YES;
				CLANG_WARN_DIRECT_OBJC_ISA_USAGE = YES_ERROR;
				CLANG_WARN_DOCUMENTATION_COMMENTS = YES;
				CLANG_WARN_EMPTY_BODY = YES;
				CLANG_WARN_ENUM_CONVERSION = YES;
				CLANG_WARN_INFINITE_RECURSION = YES;
				CLANG_WARN_INT_CONVERSION = YES;
				CLANG_WARN_NON_LITERAL_NULL_CONVERSION = YES;
				CLANG_WARN_OBJC_IMPLICIT_RETAIN_SELF = YES;
				CLANG_WARN_OBJC_LITERAL_CONVERSION = YES;
				CLANG_WARN_OBJC_ROOT_CLASS = YES_ERROR;
				CLANG_WARN_RANGE_LOOP_ANALYSIS = YES;
				CLANG_WARN_STRICT_PROTOTYPES = YES;
				CLANG_WARN_SUSPICIOUS_MOVE = YES;
				CLANG_WARN_UNGUARDED_AVAILABILITY = YES_AGGRESSIVE;
				CLANG_WARN_UNREACHABLE_CODE = YES;
				CLANG_WARN__DUPLICATE_METHOD_MATCH = YES;
				CODE_SIGN_IDENTITY = "iPhone Developer";
				COPY_PHASE_STRIP = NO;
				DEBUG_INFORMATION_FORMAT = dwarf;
				ENABLE_STRICT_OBJC_MSGSEND = YES;
				ENABLE_TESTABILITY = YES;
				GCC_C_LANGUAGE_STANDARD = gnu11;
				GCC_DYNAMIC_NO_PIC = NO;
				GCC_NO_COMMON_BLOCKS = YES;
				GCC_OPTIMIZATION_LEVEL = 0;
				GCC_PREPROCESSOR_DEFINITIONS = (
					"DEBUG=1",
					"$(inherited)",
				);
				GCC_WARN_64_TO_32_BIT_CONVERSION = YES;
				GCC_WARN_ABOUT_RETURN_TYPE = YES_ERROR;
				GCC_WARN_UNDECLARED_SELECTOR = YES;
				GCC_WARN_UNINITIALIZED_AUTOS = YES_AGGRESSIVE;
				GCC_WARN_UNUSED_FUNCTION = YES;
				GCC_WARN_UNUSED_VARIABLE = YES;
				IPHONEOS_DEPLOYMENT_TARGET = 11.3;
				MTL_ENABLE_DEBUG_INFO = YES;
				ONLY_ACTIVE_ARCH = YES;
				SDKROOT = iphoneos;
				SWIFT_ACTIVE_COMPILATION_CONDITIONS = DEBUG;
				SWIFT_OPTIMIZATION_LEVEL = "-Onone";
			};
			name = Debug;
		};
		19B8AC502094EDA600CC379F /* Release */ = {
			isa = XCBuildConfiguration;
			buildSettings = {
				ALWAYS_SEARCH_USER_PATHS = NO;
				CLANG_ANALYZER_NONNULL = YES;
				CLANG_ANALYZER_NUMBER_OBJECT_CONVERSION = YES_AGGRESSIVE;
				CLANG_CXX_LANGUAGE_STANDARD = "gnu++14";
				CLANG_CXX_LIBRARY = "libc++";
				CLANG_ENABLE_MODULES = YES;
				CLANG_ENABLE_OBJC_ARC = YES;
				CLANG_ENABLE_OBJC_WEAK = YES;
				CLANG_WARN_BLOCK_CAPTURE_AUTORELEASING = YES;
				CLANG_WARN_BOOL_CONVERSION = YES;
				CLANG_WARN_COMMA = YES;
				CLANG_WARN_CONSTANT_CONVERSION = YES;
				CLANG_WARN_DEPRECATED_OBJC_IMPLEMENTATIONS = YES;
				CLANG_WARN_DIRECT_OBJC_ISA_USAGE = YES_ERROR;
				CLANG_WARN_DOCUMENTATION_COMMENTS = YES;
				CLANG_WARN_EMPTY_BODY = YES;
				CLANG_WARN_ENUM_CONVERSION = YES;
				CLANG_WARN_INFINITE_RECURSION = YES;
				CLANG_WARN_INT_CONVERSION = YES;
				CLANG_WARN_NON_LITERAL_NULL_CONVERSION = YES;
				CLANG_WARN_OBJC_IMPLICIT_RETAIN_SELF = YES;
				CLANG_WARN_OBJC_LITERAL_CONVERSION = YES;
				CLANG_WARN_OBJC_ROOT_CLASS = YES_ERROR;
				CLANG_WARN_RANGE_LOOP_ANALYSIS = YES;
				CLANG_WARN_STRICT_PROTOTYPES = YES;
				CLANG_WARN_SUSPICIOUS_MOVE = YES;
				CLANG_WARN_UNGUARDED_AVAILABILITY = YES_AGGRESSIVE;
				CLANG_WARN_UNREACHABLE_CODE = YES;
				CLANG_WARN__DUPLICATE_METHOD_MATCH = YES;
				CODE_SIGN_IDENTITY = "iPhone Developer";
				COPY_PHASE_STRIP = NO;
				DEBUG_INFORMATION_FORMAT = "dwarf-with-dsym";
				ENABLE_NS_ASSERTIONS = NO;
				ENABLE_STRICT_OBJC_MSGSEND = YES;
				GCC_C_LANGUAGE_STANDARD = gnu11;
				GCC_NO_COMMON_BLOCKS = YES;
				GCC_WARN_64_TO_32_BIT_CONVERSION = YES;
				GCC_WARN_ABOUT_RETURN_TYPE = YES_ERROR;
				GCC_WARN_UNDECLARED_SELECTOR = YES;
				GCC_WARN_UNINITIALIZED_AUTOS = YES_AGGRESSIVE;
				GCC_WARN_UNUSED_FUNCTION = YES;
				GCC_WARN_UNUSED_VARIABLE = YES;
				IPHONEOS_DEPLOYMENT_TARGET = 11.3;
				MTL_ENABLE_DEBUG_INFO = NO;
				SDKROOT = iphoneos;
				SWIFT_COMPILATION_MODE = wholemodule;
				SWIFT_OPTIMIZATION_LEVEL = "-O";
				VALIDATE_PRODUCT = YES;
			};
			name = Release;
		};
		19B8AC522094EDA600CC379F /* Debug */ = {
			isa = XCBuildConfiguration;
			baseConfigurationReference = E19E672561D7D8996FA20CDE /* Pods-observer-example.debug.xcconfig */;
			buildSettings = {
				ASSETCATALOG_COMPILER_APPICON_NAME = AppIcon;
				CODE_SIGN_STYLE = Automatic;
				DEVELOPMENT_TEAM = 4DLFF7ES3L;
				INFOPLIST_FILE = "observer-example/Info.plist";
				IPHONEOS_DEPLOYMENT_TARGET = 10.0;
				LD_RUNPATH_SEARCH_PATHS = (
					"$(inherited)",
					"@executable_path/Frameworks",
				);
				PRODUCT_BUNDLE_IDENTIFIER = "joshmarasigan.observer-example";
				PRODUCT_NAME = "$(TARGET_NAME)";
				SWIFT_VERSION = 4.0;
				TARGETED_DEVICE_FAMILY = "1,2";
			};
			name = Debug;
		};
		19B8AC532094EDA600CC379F /* Release */ = {
			isa = XCBuildConfiguration;
			baseConfigurationReference = 8BFC0A41B961AD599EC74961 /* Pods-observer-example.release.xcconfig */;
			buildSettings = {
				ASSETCATALOG_COMPILER_APPICON_NAME = AppIcon;
				CODE_SIGN_STYLE = Automatic;
				DEVELOPMENT_TEAM = 4DLFF7ES3L;
				INFOPLIST_FILE = "observer-example/Info.plist";
				IPHONEOS_DEPLOYMENT_TARGET = 10.0;
				LD_RUNPATH_SEARCH_PATHS = (
					"$(inherited)",
					"@executable_path/Frameworks",
				);
				PRODUCT_BUNDLE_IDENTIFIER = "joshmarasigan.observer-example";
				PRODUCT_NAME = "$(TARGET_NAME)";
				SWIFT_VERSION = 4.0;
				TARGETED_DEVICE_FAMILY = "1,2";
			};
			name = Release;
		};
/* End XCBuildConfiguration section */

/* Begin XCConfigurationList section */
		19B8AC3A2094EDA200CC379F /* Build configuration list for PBXProject "observer-example" */ = {
			isa = XCConfigurationList;
			buildConfigurations = (
				19B8AC4F2094EDA600CC379F /* Debug */,
				19B8AC502094EDA600CC379F /* Release */,
			);
			defaultConfigurationIsVisible = 0;
			defaultConfigurationName = Release;
		};
		19B8AC512094EDA600CC379F /* Build configuration list for PBXNativeTarget "observer-example" */ = {
			isa = XCConfigurationList;
			buildConfigurations = (
				19B8AC522094EDA600CC379F /* Debug */,
				19B8AC532094EDA600CC379F /* Release */,
			);
			defaultConfigurationIsVisible = 0;
			defaultConfigurationName = Release;
		};
/* End XCConfigurationList section */
	};
	rootObject = 19B8AC372094EDA200CC379F /* Project object */;
}
